
Microsoft Visual Studio Solution File, Format Version 12.00
# Visual Studio Version 16
VisualStudioVersion = 16.0.31112.23
MinimumVisualStudioVersion = 10.0.40219.1
Project("{FAE04EC0-301F-11D3-BF4B-00C04F79EFBC}") = "ConsoleApp3", "ConsoleApp3.csproj", "{746AFC83-0E44-44AA-9539-76E4167CADA5}"
EndProject
Global
	GlobalSection(SolutionConfigurationPlatforms) = preSolution
		Debug|Any CPU = Debug|Any CPU
		Release|Any CPU = Release|Any CPU
	EndGlobalSection
	GlobalSection(ProjectConfigurationPlatforms) = postSolution
		{746AFC83-0E44-44AA-9539-76E4167CADA5}.Debug|Any CPU.ActiveCfg = Debug|Any CPU
		{746AFC83-0E44-44AA-9539-76E4167CADA5}.Debug|Any CPU.Build.0 = Debug|Any CPU
		{746AFC83-0E44-44AA-9539-76E4167CADA5}.Release|Any CPU.ActiveCfg = Release|Any CPU
		{746AFC83-0E44-44AA-9539-76E4167CADA5}.Release|Any CPU.Build.0 = Release|Any CPU
	EndGlobalSection
	GlobalSection(SolutionProperties) = preSolution
		HideSolutionNode = FALSE
	EndGlobalSection
	GlobalSection(ExtensibilityGlobals) = postSolution
		SolutionGuid = {92B8252E-ED95-49ED-986C-025C66557E64}
	EndGlobalSection
EndGlobal
