
Microsoft Visual Studio Solution File, Format Version 12.00
# Visual Studio Version 16
VisualStudioVersion = 16.0.31112.23
MinimumVisualStudioVersion = 10.0.40219.1
Project("{FAE04EC0-301F-11D3-BF4B-00C04F79EFBC}") = "calcu", "calcu.csproj", "{779719D9-C385-4485-ABDE-023DA2F131BD}"
EndProject
Global
	GlobalSection(SolutionConfigurationPlatforms) = preSolution
		Debug|Any CPU = Debug|Any CPU
		Release|Any CPU = Release|Any CPU
	EndGlobalSection
	GlobalSection(ProjectConfigurationPlatforms) = postSolution
		{779719D9-C385-4485-ABDE-023DA2F131BD}.Debug|Any CPU.ActiveCfg = Debug|Any CPU
		{779719D9-C385-4485-ABDE-023DA2F131BD}.Debug|Any CPU.Build.0 = Debug|Any CPU
		{779719D9-C385-4485-ABDE-023DA2F131BD}.Release|Any CPU.ActiveCfg = Release|Any CPU
		{779719D9-C385-4485-ABDE-023DA2F131BD}.Release|Any CPU.Build.0 = Release|Any CPU
	EndGlobalSection
	GlobalSection(SolutionProperties) = preSolution
		HideSolutionNode = FALSE
	EndGlobalSection
	GlobalSection(ExtensibilityGlobals) = postSolution
		SolutionGuid = {EA4B3B3A-C7E4-459D-AB60-70127BAA0802}
	EndGlobalSection
EndGlobal
